// !$*UTF8*$!
{
	archiveVersion = 1;
	classes = {
	};
	objectVersion = 55;
	objects = {

/* Begin PBXBuildFile section */
		2C5A63D05120A3553083327B /* Pods_NepTalk.framework in Frameworks */ = {isa = PBXBuildFile; fileRef = 87D6BF1B346262A76D21B3AF /* Pods_NepTalk.framework */; };
		390B5295278B0F8E002EE4BD /* LocationPickerViewController.swift in Sources */ = {isa = PBXBuildFile; fileRef = 390B5294278B0F8E002EE4BD /* LocationPickerViewController.swift */; };
		390B5298278B517D002EE4BD /* ProfileViewModel.swift in Sources */ = {isa = PBXBuildFile; fileRef = 390B5297278B517D002EE4BD /* ProfileViewModel.swift */; };
		390B529A278B552C002EE4BD /* ProfileTableViewCell.swift in Sources */ = {isa = PBXBuildFile; fileRef = 390B5299278B552C002EE4BD /* ProfileTableViewCell.swift */; };
		390E79B4275928BC00B31FAE /* DatabaseManager.swift in Sources */ = {isa = PBXBuildFile; fileRef = 390E79B3275928BC00B31FAE /* DatabaseManager.swift */; };
		391FB2AC27808E8C0078A6A3 /* Message.swift in Sources */ = {isa = PBXBuildFile; fileRef = 391FB2AB27808E8C0078A6A3 /* Message.swift */; };
		391FB2AE27808EA10078A6A3 /* Conversation.swift in Sources */ = {isa = PBXBuildFile; fileRef = 391FB2AD27808EA10078A6A3 /* Conversation.swift */; };
		391FB2B027808EB00078A6A3 /* AppUser.swift in Sources */ = {isa = PBXBuildFile; fileRef = 391FB2AF27808EB00078A6A3 /* AppUser.swift */; };
		391FB2B22780901B0078A6A3 /* Constant.swift in Sources */ = {isa = PBXBuildFile; fileRef = 391FB2B12780901B0078A6A3 /* Constant.swift */; };
		3963DE7C2784863500579821 /* NewConversationTableViewCell.swift in Sources */ = {isa = PBXBuildFile; fileRef = 3963DE7B2784863500579821 /* NewConversationTableViewCell.swift */; };
		397BADCF278B9C7600A8CEC2 /* GoogleService-Info.plist in Resources */ = {isa = PBXBuildFile; fileRef = 397BADCE278B9C7600A8CEC2 /* GoogleService-Info.plist */; };
		3991E30A2779F5C9005C77F7 /* ConversationTableViewCell.swift in Sources */ = {isa = PBXBuildFile; fileRef = 3991E3092779F5C9005C77F7 /* ConversationTableViewCell.swift */; };
		39B7893D27429258009D9B6E /* AppDelegate.swift in Sources */ = {isa = PBXBuildFile; fileRef = 39B7893C27429258009D9B6E /* AppDelegate.swift */; };
		39B7893F27429258009D9B6E /* SceneDelegate.swift in Sources */ = {isa = PBXBuildFile; fileRef = 39B7893E27429258009D9B6E /* SceneDelegate.swift */; };
		39B7894127429258009D9B6E /* ConversationsViewController.swift in Sources */ = {isa = PBXBuildFile; fileRef = 39B7894027429258009D9B6E /* ConversationsViewController.swift */; };
		39B7894427429258009D9B6E /* Main.storyboard in Resources */ = {isa = PBXBuildFile; fileRef = 39B7894227429258009D9B6E /* Main.storyboard */; };
		39B7894627429259009D9B6E /* Assets.xcassets in Resources */ = {isa = PBXBuildFile; fileRef = 39B7894527429259009D9B6E /* Assets.xcassets */; };
		39B7894927429259009D9B6E /* LaunchScreen.storyboard in Resources */ = {isa = PBXBuildFile; fileRef = 39B7894727429259009D9B6E /* LaunchScreen.storyboard */; };
		39B789732742994C009D9B6E /* LoginViewController.swift in Sources */ = {isa = PBXBuildFile; fileRef = 39B789722742994C009D9B6E /* LoginViewController.swift */; };
		39B7897527429962009D9B6E /* RegisterViewController.swift in Sources */ = {isa = PBXBuildFile; fileRef = 39B7897427429962009D9B6E /* RegisterViewController.swift */; };
		39B78977274299A0009D9B6E /* PhotoViewerViewController.swift in Sources */ = {isa = PBXBuildFile; fileRef = 39B78976274299A0009D9B6E /* PhotoViewerViewController.swift */; };
		39B78979274299B4009D9B6E /* VideoPlayerViewController.swift in Sources */ = {isa = PBXBuildFile; fileRef = 39B78978274299B4009D9B6E /* VideoPlayerViewController.swift */; };
		39B7897B274299C8009D9B6E /* NewConversationViewController.swift in Sources */ = {isa = PBXBuildFile; fileRef = 39B7897A274299C8009D9B6E /* NewConversationViewController.swift */; };
		39B7897D274299DC009D9B6E /* ProfileViewController.swift in Sources */ = {isa = PBXBuildFile; fileRef = 39B7897C274299DC009D9B6E /* ProfileViewController.swift */; };
		39B94A0B276F6835005A7CA9 /* StorageManager.swift in Sources */ = {isa = PBXBuildFile; fileRef = 39B94A0A276F6835005A7CA9 /* StorageManager.swift */; };
		39C6545A276BC41B00C63850 /* ChatViewController.swift in Sources */ = {isa = PBXBuildFile; fileRef = 39C65459276BC41B00C63850 /* ChatViewController.swift */; };
		39E294022754200900D57C42 /* Extension.swift in Sources */ = {isa = PBXBuildFile; fileRef = 39E294012754200900D57C42 /* Extension.swift */; };
/* End PBXBuildFile section */

/* Begin PBXContainerItemProxy section */
		39B7895027429259009D9B6E /* PBXContainerItemProxy */ = {
			isa = PBXContainerItemProxy;
			containerPortal = 39B7893127429258009D9B6E /* Project object */;
			proxyType = 1;
			remoteGlobalIDString = 39B7893827429258009D9B6E;
			remoteInfo = "ios-chat-app";
		};
		39B7895A27429259009D9B6E /* PBXContainerItemProxy */ = {
			isa = PBXContainerItemProxy;
			containerPortal = 39B7893127429258009D9B6E /* Project object */;
			proxyType = 1;
			remoteGlobalIDString = 39B7893827429258009D9B6E;
			remoteInfo = "ios-chat-app";
		};
/* End PBXContainerItemProxy section */

/* Begin PBXFileReference section */
		390B5294278B0F8E002EE4BD /* LocationPickerViewController.swift */ = {isa = PBXFileReference; lastKnownFileType = sourcecode.swift; path = LocationPickerViewController.swift; sourceTree = "<group>"; };
		390B5297278B517D002EE4BD /* ProfileViewModel.swift */ = {isa = PBXFileReference; lastKnownFileType = sourcecode.swift; path = ProfileViewModel.swift; sourceTree = "<group>"; };
		390B5299278B552C002EE4BD /* ProfileTableViewCell.swift */ = {isa = PBXFileReference; lastKnownFileType = sourcecode.swift; path = ProfileTableViewCell.swift; sourceTree = "<group>"; };
		390E79B3275928BC00B31FAE /* DatabaseManager.swift */ = {isa = PBXFileReference; lastKnownFileType = sourcecode.swift; path = DatabaseManager.swift; sourceTree = "<group>"; };
		391FB2AB27808E8C0078A6A3 /* Message.swift */ = {isa = PBXFileReference; lastKnownFileType = sourcecode.swift; path = Message.swift; sourceTree = "<group>"; };
		391FB2AD27808EA10078A6A3 /* Conversation.swift */ = {isa = PBXFileReference; lastKnownFileType = sourcecode.swift; path = Conversation.swift; sourceTree = "<group>"; };
		391FB2AF27808EB00078A6A3 /* AppUser.swift */ = {isa = PBXFileReference; lastKnownFileType = sourcecode.swift; path = AppUser.swift; sourceTree = "<group>"; };
		391FB2B12780901B0078A6A3 /* Constant.swift */ = {isa = PBXFileReference; lastKnownFileType = sourcecode.swift; path = Constant.swift; sourceTree = "<group>"; };
		3963DE7B2784863500579821 /* NewConversationTableViewCell.swift */ = {isa = PBXFileReference; lastKnownFileType = sourcecode.swift; path = NewConversationTableViewCell.swift; sourceTree = "<group>"; };
		397BADCE278B9C7600A8CEC2 /* GoogleService-Info.plist */ = {isa = PBXFileReference; fileEncoding = 4; lastKnownFileType = text.plist.xml; path = "GoogleService-Info.plist"; sourceTree = "<group>"; };
		3991E3092779F5C9005C77F7 /* ConversationTableViewCell.swift */ = {isa = PBXFileReference; lastKnownFileType = sourcecode.swift; path = ConversationTableViewCell.swift; sourceTree = "<group>"; };
		39B7893927429258009D9B6E /* NepTalk.app */ = {isa = PBXFileReference; explicitFileType = wrapper.application; includeInIndex = 0; path = NepTalk.app; sourceTree = BUILT_PRODUCTS_DIR; };
		39B7893C27429258009D9B6E /* AppDelegate.swift */ = {isa = PBXFileReference; lastKnownFileType = sourcecode.swift; path = AppDelegate.swift; sourceTree = "<group>"; };
		39B7893E27429258009D9B6E /* SceneDelegate.swift */ = {isa = PBXFileReference; lastKnownFileType = sourcecode.swift; path = SceneDelegate.swift; sourceTree = "<group>"; };
		39B7894027429258009D9B6E /* ConversationsViewController.swift */ = {isa = PBXFileReference; lastKnownFileType = sourcecode.swift; path = ConversationsViewController.swift; sourceTree = "<group>"; };
		39B7894327429258009D9B6E /* Base */ = {isa = PBXFileReference; lastKnownFileType = file.storyboard; name = Base; path = Base.lproj/Main.storyboard; sourceTree = "<group>"; };
		39B7894527429259009D9B6E /* Assets.xcassets */ = {isa = PBXFileReference; lastKnownFileType = folder.assetcatalog; path = Assets.xcassets; sourceTree = "<group>"; };
		39B7894827429259009D9B6E /* Base */ = {isa = PBXFileReference; lastKnownFileType = file.storyboard; name = Base; path = Base.lproj/LaunchScreen.storyboard; sourceTree = "<group>"; };
		39B7894A27429259009D9B6E /* Info.plist */ = {isa = PBXFileReference; lastKnownFileType = text.plist.xml; path = Info.plist; sourceTree = "<group>"; };
		39B7894F27429259009D9B6E /* NepTalkTests.xctest */ = {isa = PBXFileReference; explicitFileType = wrapper.cfbundle; includeInIndex = 0; path = NepTalkTests.xctest; sourceTree = BUILT_PRODUCTS_DIR; };
		39B7895927429259009D9B6E /* NepTalkUITests.xctest */ = {isa = PBXFileReference; explicitFileType = wrapper.cfbundle; includeInIndex = 0; path = NepTalkUITests.xctest; sourceTree = BUILT_PRODUCTS_DIR; };
		39B789722742994C009D9B6E /* LoginViewController.swift */ = {isa = PBXFileReference; lastKnownFileType = sourcecode.swift; path = LoginViewController.swift; sourceTree = "<group>"; };
		39B7897427429962009D9B6E /* RegisterViewController.swift */ = {isa = PBXFileReference; lastKnownFileType = sourcecode.swift; path = RegisterViewController.swift; sourceTree = "<group>"; };
		39B78976274299A0009D9B6E /* PhotoViewerViewController.swift */ = {isa = PBXFileReference; lastKnownFileType = sourcecode.swift; path = PhotoViewerViewController.swift; sourceTree = "<group>"; };
		39B78978274299B4009D9B6E /* VideoPlayerViewController.swift */ = {isa = PBXFileReference; lastKnownFileType = sourcecode.swift; path = VideoPlayerViewController.swift; sourceTree = "<group>"; };
		39B7897A274299C8009D9B6E /* NewConversationViewController.swift */ = {isa = PBXFileReference; lastKnownFileType = sourcecode.swift; path = NewConversationViewController.swift; sourceTree = "<group>"; };
		39B7897C274299DC009D9B6E /* ProfileViewController.swift */ = {isa = PBXFileReference; lastKnownFileType = sourcecode.swift; path = ProfileViewController.swift; sourceTree = "<group>"; };
		39B94A0A276F6835005A7CA9 /* StorageManager.swift */ = {isa = PBXFileReference; lastKnownFileType = sourcecode.swift; path = StorageManager.swift; sourceTree = "<group>"; };
		39C65459276BC41B00C63850 /* ChatViewController.swift */ = {isa = PBXFileReference; lastKnownFileType = sourcecode.swift; path = ChatViewController.swift; sourceTree = "<group>"; };
		39E294012754200900D57C42 /* Extension.swift */ = {isa = PBXFileReference; lastKnownFileType = sourcecode.swift; path = Extension.swift; sourceTree = "<group>"; };
		3A736DB2007AE420934783F9 /* Pods-NepTalk.debug.xcconfig */ = {isa = PBXFileReference; includeInIndex = 1; lastKnownFileType = text.xcconfig; name = "Pods-NepTalk.debug.xcconfig"; path = "Target Support Files/Pods-NepTalk/Pods-NepTalk.debug.xcconfig"; sourceTree = "<group>"; };
		87D6BF1B346262A76D21B3AF /* Pods_NepTalk.framework */ = {isa = PBXFileReference; explicitFileType = wrapper.framework; includeInIndex = 0; path = Pods_NepTalk.framework; sourceTree = BUILT_PRODUCTS_DIR; };
		AD27CC0007AF766714C3CB4E /* Pods-NepTalk.release.xcconfig */ = {isa = PBXFileReference; includeInIndex = 1; lastKnownFileType = text.xcconfig; name = "Pods-NepTalk.release.xcconfig"; path = "Target Support Files/Pods-NepTalk/Pods-NepTalk.release.xcconfig"; sourceTree = "<group>"; };
/* End PBXFileReference section */

/* Begin PBXFrameworksBuildPhase section */
		39B7893627429258009D9B6E /* Frameworks */ = {
			isa = PBXFrameworksBuildPhase;
			buildActionMask = 2147483647;
			files = (
				2C5A63D05120A3553083327B /* Pods_NepTalk.framework in Frameworks */,
			);
			runOnlyForDeploymentPostprocessing = 0;
		};
		39B7894C27429259009D9B6E /* Frameworks */ = {
			isa = PBXFrameworksBuildPhase;
			buildActionMask = 2147483647;
			files = (
			);
			runOnlyForDeploymentPostprocessing = 0;
		};
		39B7895627429259009D9B6E /* Frameworks */ = {
			isa = PBXFrameworksBuildPhase;
			buildActionMask = 2147483647;
			files = (
			);
			runOnlyForDeploymentPostprocessing = 0;
		};
/* End PBXFrameworksBuildPhase section */

/* Begin PBXGroup section */
		0A4A675B88F0067FA0D76790 /* Frameworks */ = {
			isa = PBXGroup;
			children = (
				87D6BF1B346262A76D21B3AF /* Pods_NepTalk.framework */,
			);
			name = Frameworks;
			sourceTree = "<group>";
		};
		390B5296278B5162002EE4BD /* ViewModel */ = {
			isa = PBXGroup;
			children = (
				390B5297278B517D002EE4BD /* ProfileViewModel.swift */,
			);
			path = ViewModel;
			sourceTree = "<group>";
		};
		391FB2AA27808E4D0078A6A3 /* Models */ = {
			isa = PBXGroup;
			children = (
				391FB2AB27808E8C0078A6A3 /* Message.swift */,
				391FB2AD27808EA10078A6A3 /* Conversation.swift */,
				391FB2AF27808EB00078A6A3 /* AppUser.swift */,
			);
			path = Models;
			sourceTree = "<group>";
		};
		39B7893027429258009D9B6E = {
			isa = PBXGroup;
			children = (
				39B7893B27429258009D9B6E /* NepTalk */,
				39B7893A27429258009D9B6E /* Products */,
				4B0EAB2467D1C035CD395C92 /* Pods */,
				0A4A675B88F0067FA0D76790 /* Frameworks */,
			);
			sourceTree = "<group>";
		};
		39B7893A27429258009D9B6E /* Products */ = {
			isa = PBXGroup;
			children = (
				39B7893927429258009D9B6E /* NepTalk.app */,
				39B7894F27429259009D9B6E /* NepTalkTests.xctest */,
				39B7895927429259009D9B6E /* NepTalkUITests.xctest */,
			);
			name = Products;
			sourceTree = "<group>";
		};
		39B7893B27429258009D9B6E /* NepTalk */ = {
			isa = PBXGroup;
			children = (
				390B5296278B5162002EE4BD /* ViewModel */,
				391FB2AA27808E4D0078A6A3 /* Models */,
				39B789702742972F009D9B6E /* Resources */,
				39B7896D27429719009D9B6E /* Views */,
				39B7896C2742970E009D9B6E /* Controllers */,
				39B7894A27429259009D9B6E /* Info.plist */,
				397BADCE278B9C7600A8CEC2 /* GoogleService-Info.plist */,
			);
			path = NepTalk;
			sourceTree = "<group>";
		};
		39B7896C2742970E009D9B6E /* Controllers */ = {
			isa = PBXGroup;
			children = (
				39B7894027429258009D9B6E /* ConversationsViewController.swift */,
				39C9C7762757F58B00EBE0A9 /* Login */,
				39B78976274299A0009D9B6E /* PhotoViewerViewController.swift */,
				39B78978274299B4009D9B6E /* VideoPlayerViewController.swift */,
				39B7897A274299C8009D9B6E /* NewConversationViewController.swift */,
				39B7897C274299DC009D9B6E /* ProfileViewController.swift */,
				39C65459276BC41B00C63850 /* ChatViewController.swift */,
				390B5294278B0F8E002EE4BD /* LocationPickerViewController.swift */,
			);
			path = Controllers;
			sourceTree = "<group>";
		};
		39B7896D27429719009D9B6E /* Views */ = {
			isa = PBXGroup;
			children = (
				39B7897127429783009D9B6E /* Storyboards */,
				39B7894527429259009D9B6E /* Assets.xcassets */,
				3991E3092779F5C9005C77F7 /* ConversationTableViewCell.swift */,
				3963DE7B2784863500579821 /* NewConversationTableViewCell.swift */,
				390B5299278B552C002EE4BD /* ProfileTableViewCell.swift */,
			);
			path = Views;
			sourceTree = "<group>";
		};
		39B789702742972F009D9B6E /* Resources */ = {
			isa = PBXGroup;
			children = (
				39B7893C27429258009D9B6E /* AppDelegate.swift */,
				39B7893E27429258009D9B6E /* SceneDelegate.swift */,
				39E294012754200900D57C42 /* Extension.swift */,
				390E79B3275928BC00B31FAE /* DatabaseManager.swift */,
				39B94A0A276F6835005A7CA9 /* StorageManager.swift */,
				391FB2B12780901B0078A6A3 /* Constant.swift */,
			);
			path = Resources;
			sourceTree = "<group>";
		};
		39B7897127429783009D9B6E /* Storyboards */ = {
			isa = PBXGroup;
			children = (
				39B7894227429258009D9B6E /* Main.storyboard */,
				39B7894727429259009D9B6E /* LaunchScreen.storyboard */,
			);
			path = Storyboards;
			sourceTree = "<group>";
		};
		39C9C7762757F58B00EBE0A9 /* Login */ = {
			isa = PBXGroup;
			children = (
				39B789722742994C009D9B6E /* LoginViewController.swift */,
				39B7897427429962009D9B6E /* RegisterViewController.swift */,
			);
			path = Login;
			sourceTree = "<group>";
		};
		4B0EAB2467D1C035CD395C92 /* Pods */ = {
			isa = PBXGroup;
			children = (
				3A736DB2007AE420934783F9 /* Pods-NepTalk.debug.xcconfig */,
				AD27CC0007AF766714C3CB4E /* Pods-NepTalk.release.xcconfig */,
			);
			path = Pods;
			sourceTree = "<group>";
		};
/* End PBXGroup section */

/* Begin PBXNativeTarget section */
		39B7893827429258009D9B6E /* NepTalk */ = {
			isa = PBXNativeTarget;
			buildConfigurationList = 39B7896327429259009D9B6E /* Build configuration list for PBXNativeTarget "NepTalk" */;
			buildPhases = (
				546CD05C3AAFAC5AB6908CAD /* [CP] Check Pods Manifest.lock */,
				39B7893527429258009D9B6E /* Sources */,
				39B7893627429258009D9B6E /* Frameworks */,
				39B7893727429258009D9B6E /* Resources */,
				CF77D9F347B40865CDF4D993 /* [CP] Embed Pods Frameworks */,
				3986BC15278B8C1200FE6637 /* ShellScript */,
			);
			buildRules = (
			);
			dependencies = (
			);
			name = NepTalk;
			productName = "ios-chat-app";
			productReference = 39B7893927429258009D9B6E /* NepTalk.app */;
			productType = "com.apple.product-type.application";
		};
		39B7894E27429259009D9B6E /* NepTalkTests */ = {
			isa = PBXNativeTarget;
			buildConfigurationList = 39B7896627429259009D9B6E /* Build configuration list for PBXNativeTarget "NepTalkTests" */;
			buildPhases = (
				39B7894B27429259009D9B6E /* Sources */,
				39B7894C27429259009D9B6E /* Frameworks */,
				39B7894D27429259009D9B6E /* Resources */,
			);
			buildRules = (
			);
			dependencies = (
				39B7895127429259009D9B6E /* PBXTargetDependency */,
			);
			name = NepTalkTests;
			productName = "ios-chat-appTests";
			productReference = 39B7894F27429259009D9B6E /* NepTalkTests.xctest */;
			productType = "com.apple.product-type.bundle.unit-test";
		};
		39B7895827429259009D9B6E /* NepTalkUITests */ = {
			isa = PBXNativeTarget;
			buildConfigurationList = 39B7896927429259009D9B6E /* Build configuration list for PBXNativeTarget "NepTalkUITests" */;
			buildPhases = (
				39B7895527429259009D9B6E /* Sources */,
				39B7895627429259009D9B6E /* Frameworks */,
				39B7895727429259009D9B6E /* Resources */,
			);
			buildRules = (
			);
			dependencies = (
				39B7895B27429259009D9B6E /* PBXTargetDependency */,
			);
			name = NepTalkUITests;
			productName = "ios-chat-appUITests";
			productReference = 39B7895927429259009D9B6E /* NepTalkUITests.xctest */;
			productType = "com.apple.product-type.bundle.ui-testing";
		};
/* End PBXNativeTarget section */

/* Begin PBXProject section */
		39B7893127429258009D9B6E /* Project object */ = {
			isa = PBXProject;
			attributes = {
				BuildIndependentTargetsInParallel = 1;
				LastSwiftUpdateCheck = 1310;
				LastUpgradeCheck = 1310;
				TargetAttributes = {
					39B7893827429258009D9B6E = {
						CreatedOnToolsVersion = 13.1;
					};
					39B7894E27429259009D9B6E = {
						CreatedOnToolsVersion = 13.1;
						LastSwiftMigration = 1310;
						TestTargetID = 39B7893827429258009D9B6E;
					};
					39B7895827429259009D9B6E = {
						CreatedOnToolsVersion = 13.1;
						TestTargetID = 39B7893827429258009D9B6E;
					};
				};
			};
			buildConfigurationList = 39B7893427429258009D9B6E /* Build configuration list for PBXProject "NepTalk" */;
			compatibilityVersion = "Xcode 13.0";
			developmentRegion = en;
			hasScannedForEncodings = 0;
			knownRegions = (
				en,
				Base,
			);
			mainGroup = 39B7893027429258009D9B6E;
			productRefGroup = 39B7893A27429258009D9B6E /* Products */;
			projectDirPath = "";
			projectRoot = "";
			targets = (
				39B7893827429258009D9B6E /* NepTalk */,
				39B7894E27429259009D9B6E /* NepTalkTests */,
				39B7895827429259009D9B6E /* NepTalkUITests */,
			);
		};
/* End PBXProject section */

/* Begin PBXResourcesBuildPhase section */
		39B7893727429258009D9B6E /* Resources */ = {
			isa = PBXResourcesBuildPhase;
			buildActionMask = 2147483647;
			files = (
				39B7894927429259009D9B6E /* LaunchScreen.storyboard in Resources */,
				397BADCF278B9C7600A8CEC2 /* GoogleService-Info.plist in Resources */,
				39B7894627429259009D9B6E /* Assets.xcassets in Resources */,
				39B7894427429258009D9B6E /* Main.storyboard in Resources */,
			);
			runOnlyForDeploymentPostprocessing = 0;
		};
		39B7894D27429259009D9B6E /* Resources */ = {
			isa = PBXResourcesBuildPhase;
			buildActionMask = 2147483647;
			files = (
			);
			runOnlyForDeploymentPostprocessing = 0;
		};
		39B7895727429259009D9B6E /* Resources */ = {
			isa = PBXResourcesBuildPhase;
			buildActionMask = 2147483647;
			files = (
			);
			runOnlyForDeploymentPostprocessing = 0;
		};
/* End PBXResourcesBuildPhase section */

/* Begin PBXShellScriptBuildPhase section */
		3986BC15278B8C1200FE6637 /* ShellScript */ = {
			isa = PBXShellScriptBuildPhase;
			buildActionMask = 2147483647;
			files = (
			);
			inputFileListPaths = (
			);
			inputPaths = (
				"${DWARF_DSYM_FOLDER_PATH}/${DWARF_DSYM_FILE_NAME}/Contents/Resources/DWARF/${TARGET_NAME}",
				"$(SRCROOT)/$(BUILT_PRODUCTS_DIR)/$(INFOPLIST_PATH)",
			);
			outputFileListPaths = (
			);
			outputPaths = (
			);
			runOnlyForDeploymentPostprocessing = 0;
			shellPath = /bin/sh;
			shellScript = "\"${PODS_ROOT}/FirebaseCrashlytics/run\"\n";
		};
		546CD05C3AAFAC5AB6908CAD /* [CP] Check Pods Manifest.lock */ = {
			isa = PBXShellScriptBuildPhase;
			buildActionMask = 2147483647;
			files = (
			);
			inputFileListPaths = (
			);
			inputPaths = (
				"${PODS_PODFILE_DIR_PATH}/Podfile.lock",
				"${PODS_ROOT}/Manifest.lock",
			);
			name = "[CP] Check Pods Manifest.lock";
			outputFileListPaths = (
			);
			outputPaths = (
				"$(DERIVED_FILE_DIR)/Pods-NepTalk-checkManifestLockResult.txt",
			);
			runOnlyForDeploymentPostprocessing = 0;
			shellPath = /bin/sh;
			shellScript = "diff \"${PODS_PODFILE_DIR_PATH}/Podfile.lock\" \"${PODS_ROOT}/Manifest.lock\" > /dev/null\nif [ $? != 0 ] ; then\n    # print error to STDERR\n    echo \"error: The sandbox is not in sync with the Podfile.lock. Run 'pod install' or update your CocoaPods installation.\" >&2\n    exit 1\nfi\n# This output is used by Xcode 'outputs' to avoid re-running this script phase.\necho \"SUCCESS\" > \"${SCRIPT_OUTPUT_FILE_0}\"\n";
			showEnvVarsInLog = 0;
		};
		CF77D9F347B40865CDF4D993 /* [CP] Embed Pods Frameworks */ = {
			isa = PBXShellScriptBuildPhase;
			buildActionMask = 2147483647;
			files = (
			);
			inputFileListPaths = (
				"${PODS_ROOT}/Target Support Files/Pods-NepTalk/Pods-NepTalk-frameworks-${CONFIGURATION}-input-files.xcfilelist",
			);
			name = "[CP] Embed Pods Frameworks";
			outputFileListPaths = (
				"${PODS_ROOT}/Target Support Files/Pods-NepTalk/Pods-NepTalk-frameworks-${CONFIGURATION}-output-files.xcfilelist",
			);
			runOnlyForDeploymentPostprocessing = 0;
			shellPath = /bin/sh;
			shellScript = "\"${PODS_ROOT}/Target Support Files/Pods-NepTalk/Pods-NepTalk-frameworks.sh\"\n";
			showEnvVarsInLog = 0;
		};
/* End PBXShellScriptBuildPhase section */

/* Begin PBXSourcesBuildPhase section */
		39B7893527429258009D9B6E /* Sources */ = {
			isa = PBXSourcesBuildPhase;
			buildActionMask = 2147483647;
			files = (
				39B789732742994C009D9B6E /* LoginViewController.swift in Sources */,
				390E79B4275928BC00B31FAE /* DatabaseManager.swift in Sources */,
				39B7897527429962009D9B6E /* RegisterViewController.swift in Sources */,
				390B529A278B552C002EE4BD /* ProfileTableViewCell.swift in Sources */,
				390B5295278B0F8E002EE4BD /* LocationPickerViewController.swift in Sources */,
				39B7897B274299C8009D9B6E /* NewConversationViewController.swift in Sources */,
				39B7894127429258009D9B6E /* ConversationsViewController.swift in Sources */,
				390B5298278B517D002EE4BD /* ProfileViewModel.swift in Sources */,
				39B78979274299B4009D9B6E /* VideoPlayerViewController.swift in Sources */,
				39E294022754200900D57C42 /* Extension.swift in Sources */,
				3963DE7C2784863500579821 /* NewConversationTableViewCell.swift in Sources */,
				391FB2B027808EB00078A6A3 /* AppUser.swift in Sources */,
				39B7893D27429258009D9B6E /* AppDelegate.swift in Sources */,
				391FB2AE27808EA10078A6A3 /* Conversation.swift in Sources */,
				39B7897D274299DC009D9B6E /* ProfileViewController.swift in Sources */,
				391FB2B22780901B0078A6A3 /* Constant.swift in Sources */,
				39B7893F27429258009D9B6E /* SceneDelegate.swift in Sources */,
				3991E30A2779F5C9005C77F7 /* ConversationTableViewCell.swift in Sources */,
				39C6545A276BC41B00C63850 /* ChatViewController.swift in Sources */,
				391FB2AC27808E8C0078A6A3 /* Message.swift in Sources */,
				39B78977274299A0009D9B6E /* PhotoViewerViewController.swift in Sources */,
				39B94A0B276F6835005A7CA9 /* StorageManager.swift in Sources */,
			);
			runOnlyForDeploymentPostprocessing = 0;
		};
		39B7894B27429259009D9B6E /* Sources */ = {
			isa = PBXSourcesBuildPhase;
			buildActionMask = 2147483647;
			files = (
			);
			runOnlyForDeploymentPostprocessing = 0;
		};
		39B7895527429259009D9B6E /* Sources */ = {
			isa = PBXSourcesBuildPhase;
			buildActionMask = 2147483647;
			files = (
			);
			runOnlyForDeploymentPostprocessing = 0;
		};
/* End PBXSourcesBuildPhase section */

/* Begin PBXTargetDependency section */
		39B7895127429259009D9B6E /* PBXTargetDependency */ = {
			isa = PBXTargetDependency;
			target = 39B7893827429258009D9B6E /* NepTalk */;
			targetProxy = 39B7895027429259009D9B6E /* PBXContainerItemProxy */;
		};
		39B7895B27429259009D9B6E /* PBXTargetDependency */ = {
			isa = PBXTargetDependency;
			target = 39B7893827429258009D9B6E /* NepTalk */;
			targetProxy = 39B7895A27429259009D9B6E /* PBXContainerItemProxy */;
		};
/* End PBXTargetDependency section */

/* Begin PBXVariantGroup section */
		39B7894227429258009D9B6E /* Main.storyboard */ = {
			isa = PBXVariantGroup;
			children = (
				39B7894327429258009D9B6E /* Base */,
			);
			name = Main.storyboard;
			sourceTree = "<group>";
		};
		39B7894727429259009D9B6E /* LaunchScreen.storyboard */ = {
			isa = PBXVariantGroup;
			children = (
				39B7894827429259009D9B6E /* Base */,
			);
			name = LaunchScreen.storyboard;
			sourceTree = "<group>";
		};
/* End PBXVariantGroup section */

/* Begin XCBuildConfiguration section */
		39B7896127429259009D9B6E /* Debug */ = {
			isa = XCBuildConfiguration;
			buildSettings = {
				ALWAYS_SEARCH_USER_PATHS = NO;
				CLANG_ANALYZER_NONNULL = YES;
				CLANG_ANALYZER_NUMBER_OBJECT_CONVERSION = YES_AGGRESSIVE;
				CLANG_CXX_LANGUAGE_STANDARD = "gnu++17";
				CLANG_CXX_LIBRARY = "libc++";
				CLANG_ENABLE_MODULES = YES;
				CLANG_ENABLE_OBJC_ARC = YES;
				CLANG_ENABLE_OBJC_WEAK = YES;
				CLANG_WARN_BLOCK_CAPTURE_AUTORELEASING = YES;
				CLANG_WARN_BOOL_CONVERSION = YES;
				CLANG_WARN_COMMA = YES;
				CLANG_WARN_CONSTANT_CONVERSION = YES;
				CLANG_WARN_DEPRECATED_OBJC_IMPLEMENTATIONS = YES;
				CLANG_WARN_DIRECT_OBJC_ISA_USAGE = YES_ERROR;
				CLANG_WARN_DOCUMENTATION_COMMENTS = YES;
				CLANG_WARN_EMPTY_BODY = YES;
				CLANG_WARN_ENUM_CONVERSION = YES;
				CLANG_WARN_INFINITE_RECURSION = YES;
				CLANG_WARN_INT_CONVERSION = YES;
				CLANG_WARN_NON_LITERAL_NULL_CONVERSION = YES;
				CLANG_WARN_OBJC_IMPLICIT_RETAIN_SELF = YES;
				CLANG_WARN_OBJC_LITERAL_CONVERSION = YES;
				CLANG_WARN_OBJC_ROOT_CLASS = YES_ERROR;
				CLANG_WARN_QUOTED_INCLUDE_IN_FRAMEWORK_HEADER = YES;
				CLANG_WARN_RANGE_LOOP_ANALYSIS = YES;
				CLANG_WARN_STRICT_PROTOTYPES = YES;
				CLANG_WARN_SUSPICIOUS_MOVE = YES;
				CLANG_WARN_UNGUARDED_AVAILABILITY = YES_AGGRESSIVE;
				CLANG_WARN_UNREACHABLE_CODE = YES;
				CLANG_WARN__DUPLICATE_METHOD_MATCH = YES;
				COPY_PHASE_STRIP = NO;
				DEBUG_INFORMATION_FORMAT = dwarf;
				ENABLE_STRICT_OBJC_MSGSEND = YES;
				ENABLE_TESTABILITY = YES;
				GCC_C_LANGUAGE_STANDARD = gnu11;
				GCC_DYNAMIC_NO_PIC = NO;
				GCC_NO_COMMON_BLOCKS = YES;
				GCC_OPTIMIZATION_LEVEL = 0;
				GCC_PREPROCESSOR_DEFINITIONS = (
					"DEBUG=1",
					"$(inherited)",
				);
				GCC_WARN_64_TO_32_BIT_CONVERSION = YES;
				GCC_WARN_ABOUT_RETURN_TYPE = YES_ERROR;
				GCC_WARN_UNDECLARED_SELECTOR = YES;
				GCC_WARN_UNINITIALIZED_AUTOS = YES_AGGRESSIVE;
				GCC_WARN_UNUSED_FUNCTION = YES;
				GCC_WARN_UNUSED_VARIABLE = YES;
				IPHONEOS_DEPLOYMENT_TARGET = 15.0;
				MTL_ENABLE_DEBUG_INFO = INCLUDE_SOURCE;
				MTL_FAST_MATH = YES;
				ONLY_ACTIVE_ARCH = YES;
				SDKROOT = iphoneos;
				SWIFT_ACTIVE_COMPILATION_CONDITIONS = DEBUG;
				SWIFT_OPTIMIZATION_LEVEL = "-Onone";
			};
			name = Debug;
		};
		39B7896227429259009D9B6E /* Release */ = {
			isa = XCBuildConfiguration;
			buildSettings = {
				ALWAYS_SEARCH_USER_PATHS = NO;
				CLANG_ANALYZER_NONNULL = YES;
				CLANG_ANALYZER_NUMBER_OBJECT_CONVERSION = YES_AGGRESSIVE;
				CLANG_CXX_LANGUAGE_STANDARD = "gnu++17";
				CLANG_CXX_LIBRARY = "libc++";
				CLANG_ENABLE_MODULES = YES;
				CLANG_ENABLE_OBJC_ARC = YES;
				CLANG_ENABLE_OBJC_WEAK = YES;
				CLANG_WARN_BLOCK_CAPTURE_AUTORELEASING = YES;
				CLANG_WARN_BOOL_CONVERSION = YES;
				CLANG_WARN_COMMA = YES;
				CLANG_WARN_CONSTANT_CONVERSION = YES;
				CLANG_WARN_DEPRECATED_OBJC_IMPLEMENTATIONS = YES;
				CLANG_WARN_DIRECT_OBJC_ISA_USAGE = YES_ERROR;
				CLANG_WARN_DOCUMENTATION_COMMENTS = YES;
				CLANG_WARN_EMPTY_BODY = YES;
				CLANG_WARN_ENUM_CONVERSION = YES;
				CLANG_WARN_INFINITE_RECURSION = YES;
				CLANG_WARN_INT_CONVERSION = YES;
				CLANG_WARN_NON_LITERAL_NULL_CONVERSION = YES;
				CLANG_WARN_OBJC_IMPLICIT_RETAIN_SELF = YES;
				CLANG_WARN_OBJC_LITERAL_CONVERSION = YES;
				CLANG_WARN_OBJC_ROOT_CLASS = YES_ERROR;
				CLANG_WARN_QUOTED_INCLUDE_IN_FRAMEWORK_HEADER = YES;
				CLANG_WARN_RANGE_LOOP_ANALYSIS = YES;
				CLANG_WARN_STRICT_PROTOTYPES = YES;
				CLANG_WARN_SUSPICIOUS_MOVE = YES;
				CLANG_WARN_UNGUARDED_AVAILABILITY = YES_AGGRESSIVE;
				CLANG_WARN_UNREACHABLE_CODE = YES;
				CLANG_WARN__DUPLICATE_METHOD_MATCH = YES;
				COPY_PHASE_STRIP = NO;
				DEBUG_INFORMATION_FORMAT = "dwarf-with-dsym";
				ENABLE_NS_ASSERTIONS = NO;
				ENABLE_STRICT_OBJC_MSGSEND = YES;
				GCC_C_LANGUAGE_STANDARD = gnu11;
				GCC_NO_COMMON_BLOCKS = YES;
				GCC_WARN_64_TO_32_BIT_CONVERSION = YES;
				GCC_WARN_ABOUT_RETURN_TYPE = YES_ERROR;
				GCC_WARN_UNDECLARED_SELECTOR = YES;
				GCC_WARN_UNINITIALIZED_AUTOS = YES_AGGRESSIVE;
				GCC_WARN_UNUSED_FUNCTION = YES;
				GCC_WARN_UNUSED_VARIABLE = YES;
				IPHONEOS_DEPLOYMENT_TARGET = 15.0;
				MTL_ENABLE_DEBUG_INFO = NO;
				MTL_FAST_MATH = YES;
				SDKROOT = iphoneos;
				SWIFT_COMPILATION_MODE = wholemodule;
				SWIFT_OPTIMIZATION_LEVEL = "-O";
				VALIDATE_PRODUCT = YES;
			};
			name = Release;
		};
		39B7896427429259009D9B6E /* Debug */ = {
			isa = XCBuildConfiguration;
			baseConfigurationReference = 3A736DB2007AE420934783F9 /* Pods-NepTalk.debug.xcconfig */;
			buildSettings = {
				ASSETCATALOG_COMPILER_APPICON_NAME = AppIcon;
				ASSETCATALOG_COMPILER_GLOBAL_ACCENT_COLOR_NAME = AccentColor;
				CODE_SIGN_STYLE = Automatic;
				CURRENT_PROJECT_VERSION = 1;
				DEBUG_INFORMATION_FORMAT = "dwarf-with-dsym";
				DEVELOPMENT_TEAM = PV48483GG2;
				GENERATE_INFOPLIST_FILE = YES;
				INFOPLIST_FILE = NepTalk/Info.plist;
				INFOPLIST_KEY_NSCameraUsageDescription = "Please allow access to select a photo for your profile picture";
				INFOPLIST_KEY_NSPhotoLibraryUsageDescription = "Please allow access to select a photo for your profile";
				INFOPLIST_KEY_UIApplicationSupportsIndirectInputEvents = YES;
				INFOPLIST_KEY_UILaunchStoryboardName = LaunchScreen;
				INFOPLIST_KEY_UIMainStoryboardFile = Main;
				INFOPLIST_KEY_UISupportedInterfaceOrientations = "";
				INFOPLIST_KEY_UISupportedInterfaceOrientations_iPad = "UIInterfaceOrientationPortrait UIInterfaceOrientationPortraitUpsideDown UIInterfaceOrientationLandscapeLeft UIInterfaceOrientationLandscapeRight";
				INFOPLIST_KEY_UISupportedInterfaceOrientations_iPhone = "UIInterfaceOrientationPortrait UIInterfaceOrientationLandscapeLeft UIInterfaceOrientationLandscapeRight";
				LD_RUNPATH_SEARCH_PATHS = (
					"$(inherited)",
					"@executable_path/Frameworks",
				);
				MARKETING_VERSION = 1.0;
				PRODUCT_BUNDLE_IDENTIFIER = com.study.NepTalk;
				PRODUCT_NAME = "$(TARGET_NAME)";
				SWIFT_EMIT_LOC_STRINGS = YES;
				SWIFT_VERSION = 5.0;
				TARGETED_DEVICE_FAMILY = "1,2";
			};
			name = Debug;
		};
		39B7896527429259009D9B6E /* Release */ = {
			isa = XCBuildConfiguration;
			baseConfigurationReference = AD27CC0007AF766714C3CB4E /* Pods-NepTalk.release.xcconfig */;
			buildSettings = {
				ASSETCATALOG_COMPILER_APPICON_NAME = AppIcon;
				ASSETCATALOG_COMPILER_GLOBAL_ACCENT_COLOR_NAME = AccentColor;
				CODE_SIGN_STYLE = Automatic;
				CURRENT_PROJECT_VERSION = 1;
				DEBUG_INFORMATION_FORMAT = "dwarf-with-dsym";
				DEVELOPMENT_TEAM = PV48483GG2;
				GENERATE_INFOPLIST_FILE = YES;
				INFOPLIST_FILE = NepTalk/Info.plist;
				INFOPLIST_KEY_NSCameraUsageDescription = "Please allow access to select a photo for your profile picture";
				INFOPLIST_KEY_NSPhotoLibraryUsageDescription = "Please allow access to select a photo for your profile";
				INFOPLIST_KEY_UIApplicationSupportsIndirectInputEvents = YES;
				INFOPLIST_KEY_UILaunchStoryboardName = LaunchScreen;
				INFOPLIST_KEY_UIMainStoryboardFile = Main;
				INFOPLIST_KEY_UISupportedInterfaceOrientations = "";
				INFOPLIST_KEY_UISupportedInterfaceOrientations_iPad = "UIInterfaceOrientationPortrait UIInterfaceOrientationPortraitUpsideDown UIInterfaceOrientationLandscapeLeft UIInterfaceOrientationLandscapeRight";
				INFOPLIST_KEY_UISupportedInterfaceOrientations_iPhone = "UIInterfaceOrientationPortrait UIInterfaceOrientationLandscapeLeft UIInterfaceOrientationLandscapeRight";
				LD_RUNPATH_SEARCH_PATHS = (
					"$(inherited)",
					"@executable_path/Frameworks",
				);
				MARKETING_VERSION = 1.0;
				PRODUCT_BUNDLE_IDENTIFIER = com.study.NepTalk;
				PRODUCT_NAME = "$(TARGET_NAME)";
				SWIFT_EMIT_LOC_STRINGS = YES;
				SWIFT_VERSION = 5.0;
				TARGETED_DEVICE_FAMILY = "1,2";
			};
			name = Release;
		};
		39B7896727429259009D9B6E /* Debug */ = {
			isa = XCBuildConfiguration;
			buildSettings = {
				ALWAYS_EMBED_SWIFT_STANDARD_LIBRARIES = YES;
				BUNDLE_LOADER = "$(TEST_HOST)";
				CLANG_ENABLE_MODULES = YES;
				CODE_SIGN_STYLE = Automatic;
				CURRENT_PROJECT_VERSION = 1;
				DEVELOPMENT_TEAM = PV48483GG2;
				GENERATE_INFOPLIST_FILE = YES;
				IPHONEOS_DEPLOYMENT_TARGET = 15.0;
				LD_RUNPATH_SEARCH_PATHS = (
					"$(inherited)",
					"@executable_path/Frameworks",
					"@loader_path/Frameworks",
				);
				MARKETING_VERSION = 1.0;
				PRODUCT_BUNDLE_IDENTIFIER = com.study.NepTalkTests;
				PRODUCT_NAME = "$(TARGET_NAME)";
				SWIFT_EMIT_LOC_STRINGS = NO;
				SWIFT_OBJC_BRIDGING_HEADER = "NepTalkTests-Bridging-Header.h";
				SWIFT_OPTIMIZATION_LEVEL = "-Onone";
				SWIFT_VERSION = 5.0;
				TARGETED_DEVICE_FAMILY = "1,2";
				TEST_HOST = "$(BUILT_PRODUCTS_DIR)/NepTalk.app/NepTalk";
			};
			name = Debug;
		};
		39B7896827429259009D9B6E /* Release */ = {
			isa = XCBuildConfiguration;
			buildSettings = {
				ALWAYS_EMBED_SWIFT_STANDARD_LIBRARIES = YES;
				BUNDLE_LOADER = "$(TEST_HOST)";
				CLANG_ENABLE_MODULES = YES;
				CODE_SIGN_STYLE = Automatic;
				CURRENT_PROJECT_VERSION = 1;
				DEVELOPMENT_TEAM = PV48483GG2;
				GENERATE_INFOPLIST_FILE = YES;
				IPHONEOS_DEPLOYMENT_TARGET = 15.0;
				LD_RUNPATH_SEARCH_PATHS = (
					"$(inherited)",
					"@executable_path/Frameworks",
					"@loader_path/Frameworks",
				);
				MARKETING_VERSION = 1.0;
				PRODUCT_BUNDLE_IDENTIFIER = com.study.NepTalkTests;
				PRODUCT_NAME = "$(TARGET_NAME)";
				SWIFT_EMIT_LOC_STRINGS = NO;
				SWIFT_OBJC_BRIDGING_HEADER = "NepTalkTests-Bridging-Header.h";
				SWIFT_VERSION = 5.0;
				TARGETED_DEVICE_FAMILY = "1,2";
				TEST_HOST = "$(BUILT_PRODUCTS_DIR)/NepTalk.app/NepTalk";
			};
			name = Release;
		};
		39B7896A27429259009D9B6E /* Debug */ = {
			isa = XCBuildConfiguration;
			buildSettings = {
				ALWAYS_EMBED_SWIFT_STANDARD_LIBRARIES = YES;
				CODE_SIGN_STYLE = Automatic;
				CURRENT_PROJECT_VERSION = 1;
				DEVELOPMENT_TEAM = PV48483GG2;
				GENERATE_INFOPLIST_FILE = YES;
				LD_RUNPATH_SEARCH_PATHS = (
					"$(inherited)",
					"@executable_path/Frameworks",
					"@loader_path/Frameworks",
				);
				MARKETING_VERSION = 1.0;
				PRODUCT_BUNDLE_IDENTIFIER = com.study.NepTalkUITests;
				PRODUCT_NAME = "$(TARGET_NAME)";
				SWIFT_EMIT_LOC_STRINGS = NO;
				SWIFT_VERSION = 5.0;
				TARGETED_DEVICE_FAMILY = "1,2";
				TEST_TARGET_NAME = NepTalk;
			};
			name = Debug;
		};
		39B7896B27429259009D9B6E /* Release */ = {
			isa = XCBuildConfiguration;
			buildSettings = {
				ALWAYS_EMBED_SWIFT_STANDARD_LIBRARIES = YES;
				CODE_SIGN_STYLE = Automatic;
				CURRENT_PROJECT_VERSION = 1;
				DEVELOPMENT_TEAM = PV48483GG2;
				GENERATE_INFOPLIST_FILE = YES;
				LD_RUNPATH_SEARCH_PATHS = (
					"$(inherited)",
					"@executable_path/Frameworks",
					"@loader_path/Frameworks",
				);
				MARKETING_VERSION = 1.0;
				PRODUCT_BUNDLE_IDENTIFIER = com.study.NepTalkUITests;
				PRODUCT_NAME = "$(TARGET_NAME)";
				SWIFT_EMIT_LOC_STRINGS = NO;
				SWIFT_VERSION = 5.0;
				TARGETED_DEVICE_FAMILY = "1,2";
				TEST_TARGET_NAME = NepTalk;
			};
			name = Release;
		};
/* End XCBuildConfiguration section */

/* Begin XCConfigurationList section */
		39B7893427429258009D9B6E /* Build configuration list for PBXProject "NepTalk" */ = {
			isa = XCConfigurationList;
			buildConfigurations = (
				39B7896127429259009D9B6E /* Debug */,
				39B7896227429259009D9B6E /* Release */,
			);
			defaultConfigurationIsVisible = 0;
			defaultConfigurationName = Release;
		};
		39B7896327429259009D9B6E /* Build configuration list for PBXNativeTarget "NepTalk" */ = {
			isa = XCConfigurationList;
			buildConfigurations = (
				39B7896427429259009D9B6E /* Debug */,
				39B7896527429259009D9B6E /* Release */,
			);
			defaultConfigurationIsVisible = 0;
			defaultConfigurationName = Release;
		};
		39B7896627429259009D9B6E /* Build configuration list for PBXNativeTarget "NepTalkTests" */ = {
			isa = XCConfigurationList;
			buildConfigurations = (
				39B7896727429259009D9B6E /* Debug */,
				39B7896827429259009D9B6E /* Release */,
			);
			defaultConfigurationIsVisible = 0;
			defaultConfigurationName = Release;
		};
		39B7896927429259009D9B6E /* Build configuration list for PBXNativeTarget "NepTalkUITests" */ = {
			isa = XCConfigurationList;
			buildConfigurations = (
				39B7896A27429259009D9B6E /* Debug */,
				39B7896B27429259009D9B6E /* Release */,
			);
			defaultConfigurationIsVisible = 0;
			defaultConfigurationName = Release;
		};
/* End XCConfigurationList section */
	};
	rootObject = 39B7893127429258009D9B6E /* Project object */;
}
